# THIS IS AN AUTOGENERATED FILE. DO NOT EDIT THIS FILE DIRECTLY.
# yarn lockfile v1


bs-node@buckletypes/bs-node:
  version "0.0.1"
  resolved "https://codeload.github.com/buckletypes/bs-node/tar.gz/2feff70afcead1f32c5ae9d49f49977dd30c5e2c"

bs-platform@^2.1.0:
  version "2.1.0"
  resolved "https://registry.yarnpkg.com/bs-platform/-/bs-platform-2.1.0.tgz#63560ff8f7142c9c0631559df1c35590b9f6d8b2"
